
Microsoft Visual Studio Solution File, Format Version 12.00
# Visual Studio 15
VisualStudioVersion = 15.0.27004.2002
MinimumVisualStudioVersion = 10.0.40219.1
Project("{FAE04EC0-301F-11D3-BF4B-00C04F79EFBC}") = "DoublyLinkedTest", "DoublyLinkedTest\DoublyLinkedTest.csproj", "{0C056BC4-61D1-4A63-97DA-BD43A3F53C19}"
EndProject
Project("{FAE04EC0-301F-11D3-BF4B-00C04F79EFBC}") = "FileSelector", "FileSelector\FileSelector.csproj", "{70F1FA66-6FE7-422A-9F02-0C1976F16FBC}"
EndProject
Project("{FAE04EC0-301F-11D3-BF4B-00C04F79EFBC}") = "DLLLibrary", "DLLLibrary\DLLLibrary.csproj", "{7CCADB89-2BF5-472F-A3BD-73A3FA85BFCE}"
EndProject
Global
	GlobalSection(SolutionConfigurationPlatforms) = preSolution
		Debug|Any CPU = Debug|Any CPU
		Release|Any CPU = Release|Any CPU
	EndGlobalSection
	GlobalSection(ProjectConfigurationPlatforms) = postSolution
		{0C056BC4-61D1-4A63-97DA-BD43A3F53C19}.Debug|Any CPU.ActiveCfg = Debug|Any CPU
		{0C056BC4-61D1-4A63-97DA-BD43A3F53C19}.Debug|Any CPU.Build.0 = Debug|Any CPU
		{0C056BC4-61D1-4A63-97DA-BD43A3F53C19}.Release|Any CPU.ActiveCfg = Release|Any CPU
		{0C056BC4-61D1-4A63-97DA-BD43A3F53C19}.Release|Any CPU.Build.0 = Release|Any CPU
		{70F1FA66-6FE7-422A-9F02-0C1976F16FBC}.Debug|Any CPU.ActiveCfg = Debug|Any CPU
		{70F1FA66-6FE7-422A-9F02-0C1976F16FBC}.Debug|Any CPU.Build.0 = Debug|Any CPU
		{70F1FA66-6FE7-422A-9F02-0C1976F16FBC}.Release|Any CPU.ActiveCfg = Release|Any CPU
		{70F1FA66-6FE7-422A-9F02-0C1976F16FBC}.Release|Any CPU.Build.0 = Release|Any CPU
		{7CCADB89-2BF5-472F-A3BD-73A3FA85BFCE}.Debug|Any CPU.ActiveCfg = Debug|Any CPU
		{7CCADB89-2BF5-472F-A3BD-73A3FA85BFCE}.Debug|Any CPU.Build.0 = Debug|Any CPU
		{7CCADB89-2BF5-472F-A3BD-73A3FA85BFCE}.Release|Any CPU.ActiveCfg = Release|Any CPU
		{7CCADB89-2BF5-472F-A3BD-73A3FA85BFCE}.Release|Any CPU.Build.0 = Release|Any CPU
	EndGlobalSection
	GlobalSection(SolutionProperties) = preSolution
		HideSolutionNode = FALSE
	EndGlobalSection
	GlobalSection(ExtensibilityGlobals) = postSolution
		SolutionGuid = {EA4929A0-E4ED-4DF0-83D5-62D61A527B6C}
	EndGlobalSection
EndGlobal
